// !$*UTF8*$!
{
	archiveVersion = 1;
	classes = {
	};
	objectVersion = 56;
	objects = {

/* Begin PBXBuildFile section */
		11032A562C342C8800A400F8 /* AppDelegate.swift in Sources */ = {isa = PBXBuildFile; fileRef = 11032A552C342C8800A400F8 /* AppDelegate.swift */; };
		11032A582C342C8800A400F8 /* SceneDelegate.swift in Sources */ = {isa = PBXBuildFile; fileRef = 11032A572C342C8800A400F8 /* SceneDelegate.swift */; };
		11032A5A2C342C8800A400F8 /* ViewController.swift in Sources */ = {isa = PBXBuildFile; fileRef = 11032A592C342C8800A400F8 /* ViewController.swift */; };
		11032A5D2C342C8800A400F8 /* Base in Resources */ = {isa = PBXBuildFile; fileRef = 11032A5C2C342C8800A400F8 /* Base */; };
		11032A5F2C342C8A00A400F8 /* Assets.xcassets in Resources */ = {isa = PBXBuildFile; fileRef = 11032A5E2C342C8A00A400F8 /* Assets.xcassets */; };
		11032A622C342C8A00A400F8 /* Base in Resources */ = {isa = PBXBuildFile; fileRef = 11032A612C342C8A00A400F8 /* Base */; };
		11F5BD9D2C342F4400B0FF9A /* VWO_Insights in Frameworks */ = {isa = PBXBuildFile; productRef = 11F5BD9C2C342F4400B0FF9A /* VWO_Insights */; };
		11F5BD9F2C34310000B0FF9A /* Tool.swift in Sources */ = {isa = PBXBuildFile; fileRef = 11F5BD9E2C34310000B0FF9A /* Tool.swift */; };
		833BBBA8CFEE70560DA627B3 /* Pods_BetKing_VWO.framework in Frameworks */ = {isa = PBXBuildFile; fileRef = DDFDC0D68D14874682DFE6CC /* Pods_BetKing_VWO.framework */; };
/* End PBXBuildFile section */

/* Begin PBXFileReference section */
		0B74046B8E479A52F221DECD /* Pods-BetKing VWO.release.xcconfig */ = {isa = PBXFileReference; includeInIndex = 1; lastKnownFileType = text.xcconfig; name = "Pods-BetKing VWO.release.xcconfig"; path = "Target Support Files/Pods-BetKing VWO/Pods-BetKing VWO.release.xcconfig"; sourceTree = "<group>"; };
		11032A522C342C8800A400F8 /* BetKing VWO.app */ = {isa = PBXFileReference; explicitFileType = wrapper.application; includeInIndex = 0; path = "BetKing VWO.app"; sourceTree = BUILT_PRODUCTS_DIR; };
		11032A552C342C8800A400F8 /* AppDelegate.swift */ = {isa = PBXFileReference; lastKnownFileType = sourcecode.swift; path = AppDelegate.swift; sourceTree = "<group>"; };
		11032A572C342C8800A400F8 /* SceneDelegate.swift */ = {isa = PBXFileReference; lastKnownFileType = sourcecode.swift; path = SceneDelegate.swift; sourceTree = "<group>"; };
		11032A592C342C8800A400F8 /* ViewController.swift */ = {isa = PBXFileReference; lastKnownFileType = sourcecode.swift; path = ViewController.swift; sourceTree = "<group>"; };
		11032A5C2C342C8800A400F8 /* Base */ = {isa = PBXFileReference; lastKnownFileType = file.storyboard; name = Base; path = Base.lproj/Main.storyboard; sourceTree = "<group>"; };
		11032A5E2C342C8A00A400F8 /* Assets.xcassets */ = {isa = PBXFileReference; lastKnownFileType = folder.assetcatalog; path = Assets.xcassets; sourceTree = "<group>"; };
		11032A612C342C8A00A400F8 /* Base */ = {isa = PBXFileReference; lastKnownFileType = file.storyboard; name = Base; path = Base.lproj/LaunchScreen.storyboard; sourceTree = "<group>"; };
		11032A632C342C8A00A400F8 /* Info.plist */ = {isa = PBXFileReference; lastKnownFileType = text.plist.xml; path = Info.plist; sourceTree = "<group>"; };
		11F5BD9E2C34310000B0FF9A /* Tool.swift */ = {isa = PBXFileReference; lastKnownFileType = sourcecode.swift; path = Tool.swift; sourceTree = "<group>"; };
		BF456356EEFF029AD229C1D8 /* Pods-BetKing VWO.debug.xcconfig */ = {isa = PBXFileReference; includeInIndex = 1; lastKnownFileType = text.xcconfig; name = "Pods-BetKing VWO.debug.xcconfig"; path = "Target Support Files/Pods-BetKing VWO/Pods-BetKing VWO.debug.xcconfig"; sourceTree = "<group>"; };
		DDFDC0D68D14874682DFE6CC /* Pods_BetKing_VWO.framework */ = {isa = PBXFileReference; explicitFileType = wrapper.framework; includeInIndex = 0; path = Pods_BetKing_VWO.framework; sourceTree = BUILT_PRODUCTS_DIR; };
/* End PBXFileReference section */

/* Begin PBXFrameworksBuildPhase section */
		11032A4F2C342C8800A400F8 /* Frameworks */ = {
			isa = PBXFrameworksBuildPhase;
			buildActionMask = 2147483647;
			files = (
				11F5BD9D2C342F4400B0FF9A /* VWO_Insights in Frameworks */,
				833BBBA8CFEE70560DA627B3 /* Pods_BetKing_VWO.framework in Frameworks */,
			);
			runOnlyForDeploymentPostprocessing = 0;
		};
/* End PBXFrameworksBuildPhase section */

/* Begin PBXGroup section */
		11032A492C342C8800A400F8 = {
			isa = PBXGroup;
			children = (
				11032A542C342C8800A400F8 /* BetKing VWO */,
				11032A532C342C8800A400F8 /* Products */,
				9B5B1206E6E9AF150FE28297 /* Pods */,
				4D26FD6D5C1A27BCFEA7F0A9 /* Frameworks */,
			);
			sourceTree = "<group>";
		};
		11032A532C342C8800A400F8 /* Products */ = {
			isa = PBXGroup;
			children = (
				11032A522C342C8800A400F8 /* BetKing VWO.app */,
			);
			name = Products;
			sourceTree = "<group>";
		};
		11032A542C342C8800A400F8 /* BetKing VWO */ = {
			isa = PBXGroup;
			children = (
				11032A552C342C8800A400F8 /* AppDelegate.swift */,
				11032A572C342C8800A400F8 /* SceneDelegate.swift */,
				11F5BD9E2C34310000B0FF9A /* Tool.swift */,
				11032A592C342C8800A400F8 /* ViewController.swift */,
				11032A5B2C342C8800A400F8 /* Main.storyboard */,
				11032A5E2C342C8A00A400F8 /* Assets.xcassets */,
				11032A602C342C8A00A400F8 /* LaunchScreen.storyboard */,
				11032A632C342C8A00A400F8 /* Info.plist */,
			);
			path = "BetKing VWO";
			sourceTree = "<group>";
		};
		4D26FD6D5C1A27BCFEA7F0A9 /* Frameworks */ = {
			isa = PBXGroup;
			children = (
				DDFDC0D68D14874682DFE6CC /* Pods_BetKing_VWO.framework */,
			);
			name = Frameworks;
			sourceTree = "<group>";
		};
		9B5B1206E6E9AF150FE28297 /* Pods */ = {
			isa = PBXGroup;
			children = (
				BF456356EEFF029AD229C1D8 /* Pods-BetKing VWO.debug.xcconfig */,
				0B74046B8E479A52F221DECD /* Pods-BetKing VWO.release.xcconfig */,
			);
			path = Pods;
			sourceTree = "<group>";
		};
/* End PBXGroup section */

/* Begin PBXNativeTarget section */
		11032A512C342C8800A400F8 /* BetKing VWO */ = {
			isa = PBXNativeTarget;
			buildConfigurationList = 11032A662C342C8A00A400F8 /* Build configuration list for PBXNativeTarget "BetKing VWO" */;
			buildPhases = (
				FFFB01E4434298AF4E5F022B /* [CP] Check Pods Manifest.lock */,
				11032A4E2C342C8800A400F8 /* Sources */,
				11032A4F2C342C8800A400F8 /* Frameworks */,
				11032A502C342C8800A400F8 /* Resources */,
				972B0198AD29B5733284E7AE /* [CP] Embed Pods Frameworks */,
			);
			buildRules = (
			);
			dependencies = (
			);
			name = "BetKing VWO";
			packageProductDependencies = (
				11F5BD9C2C342F4400B0FF9A /* VWO_Insights */,
			);
			productName = "BetKing VWO";
			productReference = 11032A522C342C8800A400F8 /* BetKing VWO.app */;
			productType = "com.apple.product-type.application";
		};
/* End PBXNativeTarget section */

/* Begin PBXProject section */
		11032A4A2C342C8800A400F8 /* Project object */ = {
			isa = PBXProject;
			attributes = {
				BuildIndependentTargetsInParallel = 1;
				LastSwiftUpdateCheck = 1540;
				LastUpgradeCheck = 1540;
				TargetAttributes = {
					11032A512C342C8800A400F8 = {
						CreatedOnToolsVersion = 15.4;
					};
				};
			};
			buildConfigurationList = 11032A4D2C342C8800A400F8 /* Build configuration list for PBXProject "BetKing VWO" */;
			compatibilityVersion = "Xcode 14.0";
			developmentRegion = en;
			hasScannedForEncodings = 0;
			knownRegions = (
				en,
				Base,
			);
			mainGroup = 11032A492C342C8800A400F8;
			packageReferences = (
				11F5BD9B2C342F4400B0FF9A /* XCRemoteSwiftPackageReference "ios-mobile-insights-artifacts" */,
			);
			productRefGroup = 11032A532C342C8800A400F8 /* Products */;
			projectDirPath = "";
			projectRoot = "";
			targets = (
				11032A512C342C8800A400F8 /* BetKing VWO */,
			);
		};
/* End PBXProject section */

/* Begin PBXResourcesBuildPhase section */
		11032A502C342C8800A400F8 /* Resources */ = {
			isa = PBXResourcesBuildPhase;
			buildActionMask = 2147483647;
			files = (
				11032A5F2C342C8A00A400F8 /* Assets.xcassets in Resources */,
				11032A622C342C8A00A400F8 /* Base in Resources */,
				11032A5D2C342C8800A400F8 /* Base in Resources */,
			);
			runOnlyForDeploymentPostprocessing = 0;
		};
/* End PBXResourcesBuildPhase section */

/* Begin PBXShellScriptBuildPhase section */
		972B0198AD29B5733284E7AE /* [CP] Embed Pods Frameworks */ = {
			isa = PBXShellScriptBuildPhase;
			buildActionMask = 2147483647;
			files = (
			);
			inputFileListPaths = (
				"${PODS_ROOT}/Target Support Files/Pods-BetKing VWO/Pods-BetKing VWO-frameworks-${CONFIGURATION}-input-files.xcfilelist",
			);
			name = "[CP] Embed Pods Frameworks";
			outputFileListPaths = (
				"${PODS_ROOT}/Target Support Files/Pods-BetKing VWO/Pods-BetKing VWO-frameworks-${CONFIGURATION}-output-files.xcfilelist",
			);
			runOnlyForDeploymentPostprocessing = 0;
			shellPath = /bin/sh;
			shellScript = "\"${PODS_ROOT}/Target Support Files/Pods-BetKing VWO/Pods-BetKing VWO-frameworks.sh\"\n";
			showEnvVarsInLog = 0;
		};
		FFFB01E4434298AF4E5F022B /* [CP] Check Pods Manifest.lock */ = {
			isa = PBXShellScriptBuildPhase;
			buildActionMask = 2147483647;
			files = (
			);
			inputFileListPaths = (
			);
			inputPaths = (
				"${PODS_PODFILE_DIR_PATH}/Podfile.lock",
				"${PODS_ROOT}/Manifest.lock",
			);
			name = "[CP] Check Pods Manifest.lock";
			outputFileListPaths = (
			);
			outputPaths = (
				"$(DERIVED_FILE_DIR)/Pods-BetKing VWO-checkManifestLockResult.txt",
			);
			runOnlyForDeploymentPostprocessing = 0;
			shellPath = /bin/sh;
			shellScript = "diff \"${PODS_PODFILE_DIR_PATH}/Podfile.lock\" \"${PODS_ROOT}/Manifest.lock\" > /dev/null\nif [ $? != 0 ] ; then\n    # print error to STDERR\n    echo \"error: The sandbox is not in sync with the Podfile.lock. Run 'pod install' or update your CocoaPods installation.\" >&2\n    exit 1\nfi\n# This output is used by Xcode 'outputs' to avoid re-running this script phase.\necho \"SUCCESS\" > \"${SCRIPT_OUTPUT_FILE_0}\"\n";
			showEnvVarsInLog = 0;
		};
/* End PBXShellScriptBuildPhase section */

/* Begin PBXSourcesBuildPhase section */
		11032A4E2C342C8800A400F8 /* Sources */ = {
			isa = PBXSourcesBuildPhase;
			buildActionMask = 2147483647;
			files = (
				11032A5A2C342C8800A400F8 /* ViewController.swift in Sources */,
				11032A562C342C8800A400F8 /* AppDelegate.swift in Sources */,
				11032A582C342C8800A400F8 /* SceneDelegate.swift in Sources */,
				11F5BD9F2C34310000B0FF9A /* Tool.swift in Sources */,
			);
			runOnlyForDeploymentPostprocessing = 0;
		};
/* End PBXSourcesBuildPhase section */

/* Begin PBXVariantGroup section */
		11032A5B2C342C8800A400F8 /* Main.storyboard */ = {
			isa = PBXVariantGroup;
			children = (
				11032A5C2C342C8800A400F8 /* Base */,
			);
			name = Main.storyboard;
			sourceTree = "<group>";
		};
		11032A602C342C8A00A400F8 /* LaunchScreen.storyboard */ = {
			isa = PBXVariantGroup;
			children = (
				11032A612C342C8A00A400F8 /* Base */,
			);
			name = LaunchScreen.storyboard;
			sourceTree = "<group>";
		};
/* End PBXVariantGroup section */

/* Begin XCBuildConfiguration section */
		11032A642C342C8A00A400F8 /* Debug */ = {
			isa = XCBuildConfiguration;
			buildSettings = {
				ALWAYS_SEARCH_USER_PATHS = NO;
				ASSETCATALOG_COMPILER_GENERATE_SWIFT_ASSET_SYMBOL_EXTENSIONS = YES;
				CLANG_ANALYZER_NONNULL = YES;
				CLANG_ANALYZER_NUMBER_OBJECT_CONVERSION = YES_AGGRESSIVE;
				CLANG_CXX_LANGUAGE_STANDARD = "gnu++20";
				CLANG_ENABLE_MODULES = YES;
				CLANG_ENABLE_OBJC_ARC = YES;
				CLANG_ENABLE_OBJC_WEAK = YES;
				CLANG_WARN_BLOCK_CAPTURE_AUTORELEASING = YES;
				CLANG_WARN_BOOL_CONVERSION = YES;
				CLANG_WARN_COMMA = YES;
				CLANG_WARN_CONSTANT_CONVERSION = YES;
				CLANG_WARN_DEPRECATED_OBJC_IMPLEMENTATIONS = YES;
				CLANG_WARN_DIRECT_OBJC_ISA_USAGE = YES_ERROR;
				CLANG_WARN_DOCUMENTATION_COMMENTS = YES;
				CLANG_WARN_EMPTY_BODY = YES;
				CLANG_WARN_ENUM_CONVERSION = YES;
				CLANG_WARN_INFINITE_RECURSION = YES;
				CLANG_WARN_INT_CONVERSION = YES;
				CLANG_WARN_NON_LITERAL_NULL_CONVERSION = YES;
				CLANG_WARN_OBJC_IMPLICIT_RETAIN_SELF = YES;
				CLANG_WARN_OBJC_LITERAL_CONVERSION = YES;
				CLANG_WARN_OBJC_ROOT_CLASS = YES_ERROR;
				CLANG_WARN_QUOTED_INCLUDE_IN_FRAMEWORK_HEADER = YES;
				CLANG_WARN_RANGE_LOOP_ANALYSIS = YES;
				CLANG_WARN_STRICT_PROTOTYPES = YES;
				CLANG_WARN_SUSPICIOUS_MOVE = YES;
				CLANG_WARN_UNGUARDED_AVAILABILITY = YES_AGGRESSIVE;
				CLANG_WARN_UNREACHABLE_CODE = YES;
				CLANG_WARN__DUPLICATE_METHOD_MATCH = YES;
				COPY_PHASE_STRIP = NO;
				DEBUG_INFORMATION_FORMAT = dwarf;
				ENABLE_STRICT_OBJC_MSGSEND = YES;
				ENABLE_TESTABILITY = YES;
				ENABLE_USER_SCRIPT_SANDBOXING = YES;
				GCC_C_LANGUAGE_STANDARD = gnu17;
				GCC_DYNAMIC_NO_PIC = NO;
				GCC_NO_COMMON_BLOCKS = YES;
				GCC_OPTIMIZATION_LEVEL = 0;
				GCC_PREPROCESSOR_DEFINITIONS = (
					"DEBUG=1",
					"$(inherited)",
				);
				GCC_WARN_64_TO_32_BIT_CONVERSION = YES;
				GCC_WARN_ABOUT_RETURN_TYPE = YES_ERROR;
				GCC_WARN_UNDECLARED_SELECTOR = YES;
				GCC_WARN_UNINITIALIZED_AUTOS = YES_AGGRESSIVE;
				GCC_WARN_UNUSED_FUNCTION = YES;
				GCC_WARN_UNUSED_VARIABLE = YES;
				IPHONEOS_DEPLOYMENT_TARGET = 17.5;
				LOCALIZATION_PREFERS_STRING_CATALOGS = YES;
				MTL_ENABLE_DEBUG_INFO = INCLUDE_SOURCE;
				MTL_FAST_MATH = YES;
				ONLY_ACTIVE_ARCH = YES;
				SDKROOT = iphoneos;
				SWIFT_ACTIVE_COMPILATION_CONDITIONS = "DEBUG $(inherited)";
				SWIFT_OPTIMIZATION_LEVEL = "-Onone";
			};
			name = Debug;
		};
		11032A652C342C8A00A400F8 /* Release */ = {
			isa = XCBuildConfiguration;
			buildSettings = {
				ALWAYS_SEARCH_USER_PATHS = NO;
				ASSETCATALOG_COMPILER_GENERATE_SWIFT_ASSET_SYMBOL_EXTENSIONS = YES;
				CLANG_ANALYZER_NONNULL = YES;
				CLANG_ANALYZER_NUMBER_OBJECT_CONVERSION = YES_AGGRESSIVE;
				CLANG_CXX_LANGUAGE_STANDARD = "gnu++20";
				CLANG_ENABLE_MODULES = YES;
				CLANG_ENABLE_OBJC_ARC = YES;
				CLANG_ENABLE_OBJC_WEAK = YES;
				CLANG_WARN_BLOCK_CAPTURE_AUTORELEASING = YES;
				CLANG_WARN_BOOL_CONVERSION = YES;
				CLANG_WARN_COMMA = YES;
				CLANG_WARN_CONSTANT_CONVERSION = YES;
				CLANG_WARN_DEPRECATED_OBJC_IMPLEMENTATIONS = YES;
				CLANG_WARN_DIRECT_OBJC_ISA_USAGE = YES_ERROR;
				CLANG_WARN_DOCUMENTATION_COMMENTS = YES;
				CLANG_WARN_EMPTY_BODY = YES;
				CLANG_WARN_ENUM_CONVERSION = YES;
				CLANG_WARN_INFINITE_RECURSION = YES;
				CLANG_WARN_INT_CONVERSION = YES;
				CLANG_WARN_NON_LITERAL_NULL_CONVERSION = YES;
				CLANG_WARN_OBJC_IMPLICIT_RETAIN_SELF = YES;
				CLANG_WARN_OBJC_LITERAL_CONVERSION = YES;
				CLANG_WARN_OBJC_ROOT_CLASS = YES_ERROR;
				CLANG_WARN_QUOTED_INCLUDE_IN_FRAMEWORK_HEADER = YES;
				CLANG_WARN_RANGE_LOOP_ANALYSIS = YES;
				CLANG_WARN_STRICT_PROTOTYPES = YES;
				CLANG_WARN_SUSPICIOUS_MOVE = YES;
				CLANG_WARN_UNGUARDED_AVAILABILITY = YES_AGGRESSIVE;
				CLANG_WARN_UNREACHABLE_CODE = YES;
				CLANG_WARN__DUPLICATE_METHOD_MATCH = YES;
				COPY_PHASE_STRIP = NO;
				DEBUG_INFORMATION_FORMAT = "dwarf-with-dsym";
				ENABLE_NS_ASSERTIONS = NO;
				ENABLE_STRICT_OBJC_MSGSEND = YES;
				ENABLE_USER_SCRIPT_SANDBOXING = YES;
				GCC_C_LANGUAGE_STANDARD = gnu17;
				GCC_NO_COMMON_BLOCKS = YES;
				GCC_WARN_64_TO_32_BIT_CONVERSION = YES;
				GCC_WARN_ABOUT_RETURN_TYPE = YES_ERROR;
				GCC_WARN_UNDECLARED_SELECTOR = YES;
				GCC_WARN_UNINITIALIZED_AUTOS = YES_AGGRESSIVE;
				GCC_WARN_UNUSED_FUNCTION = YES;
				GCC_WARN_UNUSED_VARIABLE = YES;
				IPHONEOS_DEPLOYMENT_TARGET = 17.5;
				LOCALIZATION_PREFERS_STRING_CATALOGS = YES;
				MTL_ENABLE_DEBUG_INFO = NO;
				MTL_FAST_MATH = YES;
				SDKROOT = iphoneos;
				SWIFT_COMPILATION_MODE = wholemodule;
				VALIDATE_PRODUCT = YES;
			};
			name = Release;
		};
		11032A672C342C8A00A400F8 /* Debug */ = {
			isa = XCBuildConfiguration;
			baseConfigurationReference = BF456356EEFF029AD229C1D8 /* Pods-BetKing VWO.debug.xcconfig */;
			buildSettings = {
				ASSETCATALOG_COMPILER_APPICON_NAME = AppIcon;
				ASSETCATALOG_COMPILER_GLOBAL_ACCENT_COLOR_NAME = AccentColor;
				CODE_SIGN_STYLE = Automatic;
				CURRENT_PROJECT_VERSION = 1;
				ENABLE_USER_SCRIPT_SANDBOXING = NO;
				GENERATE_INFOPLIST_FILE = YES;
				INFOPLIST_FILE = "BetKing VWO/Info.plist";
				INFOPLIST_KEY_UIApplicationSupportsIndirectInputEvents = YES;
				INFOPLIST_KEY_UILaunchStoryboardName = LaunchScreen;
				INFOPLIST_KEY_UIMainStoryboardFile = Main;
				INFOPLIST_KEY_UISupportedInterfaceOrientations_iPad = "UIInterfaceOrientationPortrait UIInterfaceOrientationPortraitUpsideDown UIInterfaceOrientationLandscapeLeft UIInterfaceOrientationLandscapeRight";
				INFOPLIST_KEY_UISupportedInterfaceOrientations_iPhone = "UIInterfaceOrientationPortrait UIInterfaceOrientationLandscapeLeft UIInterfaceOrientationLandscapeRight";
				LD_RUNPATH_SEARCH_PATHS = (
					"$(inherited)",
					"@executable_path/Frameworks",
				);
				MARKETING_VERSION = 1.0;
				PRODUCT_BUNDLE_IDENTIFIER = "com.kingmakers.vwodemo.BetKing-VWO";
				PRODUCT_NAME = "$(TARGET_NAME)";
				SWIFT_EMIT_LOC_STRINGS = YES;
				SWIFT_VERSION = 5.0;
				TARGETED_DEVICE_FAMILY = "1,2";
			};
			name = Debug;
		};
		11032A682C342C8A00A400F8 /* Release */ = {
			isa = XCBuildConfiguration;
			baseConfigurationReference = 0B74046B8E479A52F221DECD /* Pods-BetKing VWO.release.xcconfig */;
			buildSettings = {
				ASSETCATALOG_COMPILER_APPICON_NAME = AppIcon;
				ASSETCATALOG_COMPILER_GLOBAL_ACCENT_COLOR_NAME = AccentColor;
				CODE_SIGN_STYLE = Automatic;
				CURRENT_PROJECT_VERSION = 1;
				ENABLE_USER_SCRIPT_SANDBOXING = NO;
				GENERATE_INFOPLIST_FILE = YES;
				INFOPLIST_FILE = "BetKing VWO/Info.plist";
				INFOPLIST_KEY_UIApplicationSupportsIndirectInputEvents = YES;
				INFOPLIST_KEY_UILaunchStoryboardName = LaunchScreen;
				INFOPLIST_KEY_UIMainStoryboardFile = Main;
				INFOPLIST_KEY_UISupportedInterfaceOrientations_iPad = "UIInterfaceOrientationPortrait UIInterfaceOrientationPortraitUpsideDown UIInterfaceOrientationLandscapeLeft UIInterfaceOrientationLandscapeRight";
				INFOPLIST_KEY_UISupportedInterfaceOrientations_iPhone = "UIInterfaceOrientationPortrait UIInterfaceOrientationLandscapeLeft UIInterfaceOrientationLandscapeRight";
				LD_RUNPATH_SEARCH_PATHS = (
					"$(inherited)",
					"@executable_path/Frameworks",
				);
				MARKETING_VERSION = 1.0;
				PRODUCT_BUNDLE_IDENTIFIER = "com.kingmakers.vwodemo.BetKing-VWO";
				PRODUCT_NAME = "$(TARGET_NAME)";
				SWIFT_EMIT_LOC_STRINGS = YES;
				SWIFT_VERSION = 5.0;
				TARGETED_DEVICE_FAMILY = "1,2";
			};
			name = Release;
		};
/* End XCBuildConfiguration section */

/* Begin XCConfigurationList section */
		11032A4D2C342C8800A400F8 /* Build configuration list for PBXProject "BetKing VWO" */ = {
			isa = XCConfigurationList;
			buildConfigurations = (
				11032A642C342C8A00A400F8 /* Debug */,
				11032A652C342C8A00A400F8 /* Release */,
			);
			defaultConfigurationIsVisible = 0;
			defaultConfigurationName = Release;
		};
		11032A662C342C8A00A400F8 /* Build configuration list for PBXNativeTarget "BetKing VWO" */ = {
			isa = XCConfigurationList;
			buildConfigurations = (
				11032A672C342C8A00A400F8 /* Debug */,
				11032A682C342C8A00A400F8 /* Release */,
			);
			defaultConfigurationIsVisible = 0;
			defaultConfigurationName = Release;
		};
/* End XCConfigurationList section */

/* Begin XCRemoteSwiftPackageReference section */
		11F5BD9B2C342F4400B0FF9A /* XCRemoteSwiftPackageReference "ios-mobile-insights-artifacts" */ = {
			isa = XCRemoteSwiftPackageReference;
			repositoryURL = "https://github.com/wingify/ios-mobile-insights-artifacts.git";
			requirement = {
				kind = upToNextMajorVersion;
				minimumVersion = 0.4.11;
			};
		};
/* End XCRemoteSwiftPackageReference section */

/* Begin XCSwiftPackageProductDependency section */
		11F5BD9C2C342F4400B0FF9A /* VWO_Insights */ = {
			isa = XCSwiftPackageProductDependency;
			package = 11F5BD9B2C342F4400B0FF9A /* XCRemoteSwiftPackageReference "ios-mobile-insights-artifacts" */;
			productName = VWO_Insights;
		};
/* End XCSwiftPackageProductDependency section */
	};
	rootObject = 11032A4A2C342C8800A400F8 /* Project object */;
}
